// !$*UTF8*$!
{
	archiveVersion = 1;
	classes = {
	};
	objectVersion = 50;
	objects = {

/* Begin PBXBuildFile section */
		9BA6C0A921275DF6008A63F4 /* AppDelegate.swift in Sources */ = {isa = PBXBuildFile; fileRef = 9BA6C0A821275DF6008A63F4 /* AppDelegate.swift */; };
		9BA6C0AB21275DF6008A63F4 /* ViewController.swift in Sources */ = {isa = PBXBuildFile; fileRef = 9BA6C0AA21275DF6008A63F4 /* ViewController.swift */; };
		9BA6C0AE21275DF6008A63F4 /* Main.storyboard in Resources */ = {isa = PBXBuildFile; fileRef = 9BA6C0AC21275DF6008A63F4 /* Main.storyboard */; };
		9BA6C0B021275DF8008A63F4 /* Assets.xcassets in Resources */ = {isa = PBXBuildFile; fileRef = 9BA6C0AF21275DF8008A63F4 /* Assets.xcassets */; };
		9BA6C0B321275DF8008A63F4 /* LaunchScreen.storyboard in Resources */ = {isa = PBXBuildFile; fileRef = 9BA6C0B121275DF8008A63F4 /* LaunchScreen.storyboard */; };
		9BA6C0BB21275E76008A63F4 /* HomeViewController.swift in Sources */ = {isa = PBXBuildFile; fileRef = 9BA6C0BA21275E76008A63F4 /* HomeViewController.swift */; };
		9BA6C0BD21275E8A008A63F4 /* AddEmployeeViewController.swift in Sources */ = {isa = PBXBuildFile; fileRef = 9BA6C0BC21275E8A008A63F4 /* AddEmployeeViewController.swift */; };
		9BA6C0BF21275EA4008A63F4 /* EmployeeDetailsViewController.swift in Sources */ = {isa = PBXBuildFile; fileRef = 9BA6C0BE21275EA4008A63F4 /* EmployeeDetailsViewController.swift */; };
		9BA6C0C121275ECE008A63F4 /* AllEmployeeViewController.swift in Sources */ = {isa = PBXBuildFile; fileRef = 9BA6C0C021275ECE008A63F4 /* AllEmployeeViewController.swift */; };
		9BA6C0C421276E35008A63F4 /* HasVehicleViewController.swift in Sources */ = {isa = PBXBuildFile; fileRef = 9BA6C0C321276E35008A63F4 /* HasVehicleViewController.swift */; };
		9BA6C0C6212785C9008A63F4 /* CommisionBasedPartTime.swift in Sources */ = {isa = PBXBuildFile; fileRef = 9BA6C0C5212785C9008A63F4 /* CommisionBasedPartTime.swift */; };
		9BA6C0C8212785DF008A63F4 /* FixedBasePartTme.swift in Sources */ = {isa = PBXBuildFile; fileRef = 9BA6C0C7212785DF008A63F4 /* FixedBasePartTme.swift */; };
		9BA6C0CA212785E8008A63F4 /* Employee.swift in Sources */ = {isa = PBXBuildFile; fileRef = 9BA6C0C9212785E8008A63F4 /* Employee.swift */; };
		9BA6C0CC212785F8008A63F4 /* Fulltime.swift in Sources */ = {isa = PBXBuildFile; fileRef = 9BA6C0CB212785F8008A63F4 /* Fulltime.swift */; };
		9BA6C0CE21278603008A63F4 /* Intern.swift in Sources */ = {isa = PBXBuildFile; fileRef = 9BA6C0CD21278603008A63F4 /* Intern.swift */; };
		9BA6C0D021278612008A63F4 /* PartTime.swift in Sources */ = {isa = PBXBuildFile; fileRef = 9BA6C0CF21278612008A63F4 /* PartTime.swift */; };
		9BA6C0D22127861A008A63F4 /* IPrintable.swift in Sources */ = {isa = PBXBuildFile; fileRef = 9BA6C0D12127861A008A63F4 /* IPrintable.swift */; };
		9BA6C0D421278629008A63F4 /* Car.swift in Sources */ = {isa = PBXBuildFile; fileRef = 9BA6C0D321278629008A63F4 /* Car.swift */; };
		9BA6C0D621278637008A63F4 /* MotorCycle.swift in Sources */ = {isa = PBXBuildFile; fileRef = 9BA6C0D521278637008A63F4 /* MotorCycle.swift */; };
		9BA6C0D82127863E008A63F4 /* Vehicle.swift in Sources */ = {isa = PBXBuildFile; fileRef = 9BA6C0D72127863E008A63F4 /* Vehicle.swift */; };
		9BDD37C8212BA49700BBCC78 /* LoginViewController.swift in Sources */ = {isa = PBXBuildFile; fileRef = 9BDD37C7212BA49700BBCC78 /* LoginViewController.swift */; };
		9BDD37CA212BA6EE00BBCC78 /* SplashViewController.swift in Sources */ = {isa = PBXBuildFile; fileRef = 9BDD37C9212BA6EE00BBCC78 /* SplashViewController.swift */; };
		9BDD37CC212BA7C400BBCC78 /* Payroll 11 Web.png in Resources */ = {isa = PBXBuildFile; fileRef = 9BDD37CB212BA7C400BBCC78 /* Payroll 11 Web.png */; };
/* End PBXBuildFile section */

/* Begin PBXFileReference section */
		9BA6C0A521275DF6008A63F4 /* Payroll.app */ = {isa = PBXFileReference; explicitFileType = wrapper.application; includeInIndex = 0; path = Payroll.app; sourceTree = BUILT_PRODUCTS_DIR; };
		9BA6C0A821275DF6008A63F4 /* AppDelegate.swift */ = {isa = PBXFileReference; lastKnownFileType = sourcecode.swift; path = AppDelegate.swift; sourceTree = "<group>"; };
		9BA6C0AA21275DF6008A63F4 /* ViewController.swift */ = {isa = PBXFileReference; lastKnownFileType = sourcecode.swift; path = ViewController.swift; sourceTree = "<group>"; };
		9BA6C0AD21275DF6008A63F4 /* Base */ = {isa = PBXFileReference; lastKnownFileType = file.storyboard; name = Base; path = Base.lproj/Main.storyboard; sourceTree = "<group>"; };
		9BA6C0AF21275DF8008A63F4 /* Assets.xcassets */ = {isa = PBXFileReference; lastKnownFileType = folder.assetcatalog; path = Assets.xcassets; sourceTree = "<group>"; };
		9BA6C0B221275DF8008A63F4 /* Base */ = {isa = PBXFileReference; lastKnownFileType = file.storyboard; name = Base; path = Base.lproj/LaunchScreen.storyboard; sourceTree = "<group>"; };
		9BA6C0B421275DF8008A63F4 /* Info.plist */ = {isa = PBXFileReference; lastKnownFileType = text.plist.xml; path = Info.plist; sourceTree = "<group>"; };
		9BA6C0BA21275E76008A63F4 /* HomeViewController.swift */ = {isa = PBXFileReference; lastKnownFileType = sourcecode.swift; path = HomeViewController.swift; sourceTree = "<group>"; };
		9BA6C0BC21275E8A008A63F4 /* AddEmployeeViewController.swift */ = {isa = PBXFileReference; lastKnownFileType = sourcecode.swift; path = AddEmployeeViewController.swift; sourceTree = "<group>"; };
		9BA6C0BE21275EA4008A63F4 /* EmployeeDetailsViewController.swift */ = {isa = PBXFileReference; lastKnownFileType = sourcecode.swift; path = EmployeeDetailsViewController.swift; sourceTree = "<group>"; };
		9BA6C0C021275ECE008A63F4 /* AllEmployeeViewController.swift */ = {isa = PBXFileReference; lastKnownFileType = sourcecode.swift; path = AllEmployeeViewController.swift; sourceTree = "<group>"; };
		9BA6C0C321276E35008A63F4 /* HasVehicleViewController.swift */ = {isa = PBXFileReference; lastKnownFileType = sourcecode.swift; path = HasVehicleViewController.swift; sourceTree = "<group>"; };
		9BA6C0C5212785C9008A63F4 /* CommisionBasedPartTime.swift */ = {isa = PBXFileReference; fileEncoding = 4; lastKnownFileType = sourcecode.swift; path = CommisionBasedPartTime.swift; sourceTree = "<group>"; };
		9BA6C0C7212785DF008A63F4 /* FixedBasePartTme.swift */ = {isa = PBXFileReference; fileEncoding = 4; lastKnownFileType = sourcecode.swift; path = FixedBasePartTme.swift; sourceTree = "<group>"; };
		9BA6C0C9212785E8008A63F4 /* Employee.swift */ = {isa = PBXFileReference; fileEncoding = 4; lastKnownFileType = sourcecode.swift; path = Employee.swift; sourceTree = "<group>"; };
		9BA6C0CB212785F8008A63F4 /* Fulltime.swift */ = {isa = PBXFileReference; fileEncoding = 4; lastKnownFileType = sourcecode.swift; path = Fulltime.swift; sourceTree = "<group>"; };
		9BA6C0CD21278603008A63F4 /* Intern.swift */ = {isa = PBXFileReference; fileEncoding = 4; lastKnownFileType = sourcecode.swift; path = Intern.swift; sourceTree = "<group>"; };
		9BA6C0CF21278612008A63F4 /* PartTime.swift */ = {isa = PBXFileReference; fileEncoding = 4; lastKnownFileType = sourcecode.swift; path = PartTime.swift; sourceTree = "<group>"; };
		9BA6C0D12127861A008A63F4 /* IPrintable.swift */ = {isa = PBXFileReference; fileEncoding = 4; lastKnownFileType = sourcecode.swift; path = IPrintable.swift; sourceTree = "<group>"; };
		9BA6C0D321278629008A63F4 /* Car.swift */ = {isa = PBXFileReference; fileEncoding = 4; lastKnownFileType = sourcecode.swift; path = Car.swift; sourceTree = "<group>"; };
		9BA6C0D521278637008A63F4 /* MotorCycle.swift */ = {isa = PBXFileReference; fileEncoding = 4; lastKnownFileType = sourcecode.swift; path = MotorCycle.swift; sourceTree = "<group>"; };
		9BA6C0D72127863E008A63F4 /* Vehicle.swift */ = {isa = PBXFileReference; fileEncoding = 4; lastKnownFileType = sourcecode.swift; path = Vehicle.swift; sourceTree = "<group>"; };
		9BDD37C7212BA49700BBCC78 /* LoginViewController.swift */ = {isa = PBXFileReference; lastKnownFileType = sourcecode.swift; path = LoginViewController.swift; sourceTree = "<group>"; };
		9BDD37C9212BA6EE00BBCC78 /* SplashViewController.swift */ = {isa = PBXFileReference; lastKnownFileType = sourcecode.swift; path = SplashViewController.swift; sourceTree = "<group>"; };
		9BDD37CB212BA7C400BBCC78 /* Payroll 11 Web.png */ = {isa = PBXFileReference; lastKnownFileType = image.png; name = "Payroll 11 Web.png"; path = "../../Payroll 11 Web.png"; sourceTree = "<group>"; };
/* End PBXFileReference section */

/* Begin PBXFrameworksBuildPhase section */
		9BA6C0A221275DF6008A63F4 /* Frameworks */ = {
			isa = PBXFrameworksBuildPhase;
			buildActionMask = 2147483647;
			files = (
			);
			runOnlyForDeploymentPostprocessing = 0;
		};
/* End PBXFrameworksBuildPhase section */

/* Begin PBXGroup section */
		9BA6C09C21275DF6008A63F4 = {
			isa = PBXGroup;
			children = (
				9BA6C0A721275DF6008A63F4 /* Payroll */,
				9BA6C0A621275DF6008A63F4 /* Products */,
			);
			sourceTree = "<group>";
		};
		9BA6C0A621275DF6008A63F4 /* Products */ = {
			isa = PBXGroup;
			children = (
				9BA6C0A521275DF6008A63F4 /* Payroll.app */,
			);
			name = Products;
			sourceTree = "<group>";
		};
		9BA6C0A721275DF6008A63F4 /* Payroll */ = {
			isa = PBXGroup;
			children = (
				9BA6C0D12127861A008A63F4 /* IPrintable.swift */,
				9BA6C0D92127870A008A63F4 /* VEHICLE */,
				9BA6C0C221276E1B008A63F4 /* EMPLOYEE */,
				9BA6C0A821275DF6008A63F4 /* AppDelegate.swift */,
				9BA6C0AA21275DF6008A63F4 /* ViewController.swift */,
				9BDD37CB212BA7C400BBCC78 /* Payroll 11 Web.png */,
				9BA6C0AC21275DF6008A63F4 /* Main.storyboard */,
				9BA6C0AF21275DF8008A63F4 /* Assets.xcassets */,
				9BA6C0B121275DF8008A63F4 /* LaunchScreen.storyboard */,
				9BA6C0B421275DF8008A63F4 /* Info.plist */,
				9BA6C0BA21275E76008A63F4 /* HomeViewController.swift */,
				9BA6C0BC21275E8A008A63F4 /* AddEmployeeViewController.swift */,
				9BA6C0BE21275EA4008A63F4 /* EmployeeDetailsViewController.swift */,
				9BA6C0C021275ECE008A63F4 /* AllEmployeeViewController.swift */,
				9BA6C0C321276E35008A63F4 /* HasVehicleViewController.swift */,
				9BDD37C7212BA49700BBCC78 /* LoginViewController.swift */,
				9BDD37C9212BA6EE00BBCC78 /* SplashViewController.swift */,
			);
			path = Payroll;
			sourceTree = "<group>";
		};
		9BA6C0C221276E1B008A63F4 /* EMPLOYEE */ = {
			isa = PBXGroup;
			children = (
				9BA6C0CF21278612008A63F4 /* PartTime.swift */,
				9BA6C0CD21278603008A63F4 /* Intern.swift */,
				9BA6C0CB212785F8008A63F4 /* Fulltime.swift */,
				9BA6C0C9212785E8008A63F4 /* Employee.swift */,
				9BA6C0C7212785DF008A63F4 /* FixedBasePartTme.swift */,
				9BA6C0C5212785C9008A63F4 /* CommisionBasedPartTime.swift */,
			);
			path = EMPLOYEE;
			sourceTree = "<group>";
		};
		9BA6C0D92127870A008A63F4 /* VEHICLE */ = {
			isa = PBXGroup;
			children = (
				9BA6C0D72127863E008A63F4 /* Vehicle.swift */,
				9BA6C0D521278637008A63F4 /* MotorCycle.swift */,
				9BA6C0D321278629008A63F4 /* Car.swift */,
			);
			path = VEHICLE;
			sourceTree = "<group>";
		};
/* End PBXGroup section */

/* Begin PBXNativeTarget section */
		9BA6C0A421275DF6008A63F4 /* Payroll */ = {
			isa = PBXNativeTarget;
			buildConfigurationList = 9BA6C0B721275DF8008A63F4 /* Build configuration list for PBXNativeTarget "Payroll" */;
			buildPhases = (
				9BA6C0A121275DF6008A63F4 /* Sources */,
				9BA6C0A221275DF6008A63F4 /* Frameworks */,
				9BA6C0A321275DF6008A63F4 /* Resources */,
			);
			buildRules = (
			);
			dependencies = (
			);
			name = Payroll;
			productName = Payroll;
			productReference = 9BA6C0A521275DF6008A63F4 /* Payroll.app */;
			productType = "com.apple.product-type.application";
		};
/* End PBXNativeTarget section */

/* Begin PBXProject section */
		9BA6C09D21275DF6008A63F4 /* Project object */ = {
			isa = PBXProject;
			attributes = {
				LastSwiftUpdateCheck = 0930;
				LastUpgradeCheck = 0930;
				ORGANIZATIONNAME = MacStudent;
				TargetAttributes = {
					9BA6C0A421275DF6008A63F4 = {
						CreatedOnToolsVersion = 9.3;
					};
				};
			};
			buildConfigurationList = 9BA6C0A021275DF6008A63F4 /* Build configuration list for PBXProject "Payroll" */;
			compatibilityVersion = "Xcode 9.3";
			developmentRegion = en;
			hasScannedForEncodings = 0;
			knownRegions = (
				en,
				Base,
			);
			mainGroup = 9BA6C09C21275DF6008A63F4;
			productRefGroup = 9BA6C0A621275DF6008A63F4 /* Products */;
			projectDirPath = "";
			projectRoot = "";
			targets = (
				9BA6C0A421275DF6008A63F4 /* Payroll */,
			);
		};
/* End PBXProject section */

/* Begin PBXResourcesBuildPhase section */
		9BA6C0A321275DF6008A63F4 /* Resources */ = {
			isa = PBXResourcesBuildPhase;
			buildActionMask = 2147483647;
			files = (
				9BDD37CC212BA7C400BBCC78 /* Payroll 11 Web.png in Resources */,
				9BA6C0B321275DF8008A63F4 /* LaunchScreen.storyboard in Resources */,
				9BA6C0B021275DF8008A63F4 /* Assets.xcassets in Resources */,
				9BA6C0AE21275DF6008A63F4 /* Main.storyboard in Resources */,
			);
			runOnlyForDeploymentPostprocessing = 0;
		};
/* End PBXResourcesBuildPhase section */

/* Begin PBXSourcesBuildPhase section */
		9BA6C0A121275DF6008A63F4 /* Sources */ = {
			isa = PBXSourcesBuildPhase;
			buildActionMask = 2147483647;
			files = (
				9BDD37C8212BA49700BBCC78 /* LoginViewController.swift in Sources */,
				9BA6C0C421276E35008A63F4 /* HasVehicleViewController.swift in Sources */,
				9BA6C0AB21275DF6008A63F4 /* ViewController.swift in Sources */,
				9BA6C0D421278629008A63F4 /* Car.swift in Sources */,
				9BA6C0C6212785C9008A63F4 /* CommisionBasedPartTime.swift in Sources */,
				9BA6C0CA212785E8008A63F4 /* Employee.swift in Sources */,
				9BA6C0A921275DF6008A63F4 /* AppDelegate.swift in Sources */,
				9BA6C0C121275ECE008A63F4 /* AllEmployeeViewController.swift in Sources */,
				9BA6C0D82127863E008A63F4 /* Vehicle.swift in Sources */,
				9BA6C0BF21275EA4008A63F4 /* EmployeeDetailsViewController.swift in Sources */,
				9BA6C0D22127861A008A63F4 /* IPrintable.swift in Sources */,
				9BA6C0CE21278603008A63F4 /* Intern.swift in Sources */,
				9BA6C0BD21275E8A008A63F4 /* AddEmployeeViewController.swift in Sources */,
				9BA6C0C8212785DF008A63F4 /* FixedBasePartTme.swift in Sources */,
				9BDD37CA212BA6EE00BBCC78 /* SplashViewController.swift in Sources */,
				9BA6C0D621278637008A63F4 /* MotorCycle.swift in Sources */,
				9BA6C0BB21275E76008A63F4 /* HomeViewController.swift in Sources */,
				9BA6C0CC212785F8008A63F4 /* Fulltime.swift in Sources */,
				9BA6C0D021278612008A63F4 /* PartTime.swift in Sources */,
			);
			runOnlyForDeploymentPostprocessing = 0;
		};
/* End PBXSourcesBuildPhase section */

/* Begin PBXVariantGroup section */
		9BA6C0AC21275DF6008A63F4 /* Main.storyboard */ = {
			isa = PBXVariantGroup;
			children = (
				9BA6C0AD21275DF6008A63F4 /* Base */,
			);
			name = Main.storyboard;
			sourceTree = "<group>";
		};
		9BA6C0B121275DF8008A63F4 /* LaunchScreen.storyboard */ = {
			isa = PBXVariantGroup;
			children = (
				9BA6C0B221275DF8008A63F4 /* Base */,
			);
			name = LaunchScreen.storyboard;
			sourceTree = "<group>";
		};
/* End PBXVariantGroup section */

/* Begin XCBuildConfiguration section */
		9BA6C0B521275DF8008A63F4 /* Debug */ = {
			isa = XCBuildConfiguration;
			buildSettings = {
				ALWAYS_SEARCH_USER_PATHS = NO;
				CLANG_ANALYZER_NONNULL = YES;
				CLANG_ANALYZER_NUMBER_OBJECT_CONVERSION = YES_AGGRESSIVE;
				CLANG_CXX_LANGUAGE_STANDARD = "gnu++14";
				CLANG_CXX_LIBRARY = "libc++";
				CLANG_ENABLE_MODULES = YES;
				CLANG_ENABLE_OBJC_ARC = YES;
				CLANG_ENABLE_OBJC_WEAK = YES;
				CLANG_WARN_BLOCK_CAPTURE_AUTORELEASING = YES;
				CLANG_WARN_BOOL_CONVERSION = YES;
				CLANG_WARN_COMMA = YES;
				CLANG_WARN_CONSTANT_CONVERSION = YES;
				CLANG_WARN_DEPRECATED_OBJC_IMPLEMENTATIONS = YES;
				CLANG_WARN_DIRECT_OBJC_ISA_USAGE = YES_ERROR;
				CLANG_WARN_DOCUMENTATION_COMMENTS = YES;
				CLANG_WARN_EMPTY_BODY = YES;
				CLANG_WARN_ENUM_CONVERSION = YES;
				CLANG_WARN_INFINITE_RECURSION = YES;
				CLANG_WARN_INT_CONVERSION = YES;
				CLANG_WARN_NON_LITERAL_NULL_CONVERSION = YES;
				CLANG_WARN_OBJC_IMPLICIT_RETAIN_SELF = YES;
				CLANG_WARN_OBJC_LITERAL_CONVERSION = YES;
				CLANG_WARN_OBJC_ROOT_CLASS = YES_ERROR;
				CLANG_WARN_RANGE_LOOP_ANALYSIS = YES;
				CLANG_WARN_STRICT_PROTOTYPES = YES;
				CLANG_WARN_SUSPICIOUS_MOVE = YES;
				CLANG_WARN_UNGUARDED_AVAILABILITY = YES_AGGRESSIVE;
				CLANG_WARN_UNREACHABLE_CODE = YES;
				CLANG_WARN__DUPLICATE_METHOD_MATCH = YES;
				CODE_SIGN_IDENTITY = "iPhone Developer";
				COPY_PHASE_STRIP = NO;
				DEBUG_INFORMATION_FORMAT = dwarf;
				ENABLE_STRICT_OBJC_MSGSEND = YES;
				ENABLE_TESTABILITY = YES;
				GCC_C_LANGUAGE_STANDARD = gnu11;
				GCC_DYNAMIC_NO_PIC = NO;
				GCC_NO_COMMON_BLOCKS = YES;
				GCC_OPTIMIZATION_LEVEL = 0;
				GCC_PREPROCESSOR_DEFINITIONS = (
					"DEBUG=1",
					"$(inherited)",
				);
				GCC_WARN_64_TO_32_BIT_CONVERSION = YES;
				GCC_WARN_ABOUT_RETURN_TYPE = YES_ERROR;
				GCC_WARN_UNDECLARED_SELECTOR = YES;
				GCC_WARN_UNINITIALIZED_AUTOS = YES_AGGRESSIVE;
				GCC_WARN_UNUSED_FUNCTION = YES;
				GCC_WARN_UNUSED_VARIABLE = YES;
				IPHONEOS_DEPLOYMENT_TARGET = 11.3;
				MTL_ENABLE_DEBUG_INFO = YES;
				ONLY_ACTIVE_ARCH = YES;
				SDKROOT = iphoneos;
				SWIFT_ACTIVE_COMPILATION_CONDITIONS = DEBUG;
				SWIFT_OPTIMIZATION_LEVEL = "-Onone";
			};
			name = Debug;
		};
		9BA6C0B621275DF8008A63F4 /* Release */ = {
			isa = XCBuildConfiguration;
			buildSettings = {
				ALWAYS_SEARCH_USER_PATHS = NO;
				CLANG_ANALYZER_NONNULL = YES;
				CLANG_ANALYZER_NUMBER_OBJECT_CONVERSION = YES_AGGRESSIVE;
				CLANG_CXX_LANGUAGE_STANDARD = "gnu++14";
				CLANG_CXX_LIBRARY = "libc++";
				CLANG_ENABLE_MODULES = YES;
				CLANG_ENABLE_OBJC_ARC = YES;
				CLANG_ENABLE_OBJC_WEAK = YES;
				CLANG_WARN_BLOCK_CAPTURE_AUTORELEASING = YES;
				CLANG_WARN_BOOL_CONVERSION = YES;
				CLANG_WARN_COMMA = YES;
				CLANG_WARN_CONSTANT_CONVERSION = YES;
				CLANG_WARN_DEPRECATED_OBJC_IMPLEMENTATIONS = YES;
				CLANG_WARN_DIRECT_OBJC_ISA_USAGE = YES_ERROR;
				CLANG_WARN_DOCUMENTATION_COMMENTS = YES;
				CLANG_WARN_EMPTY_BODY = YES;
				CLANG_WARN_ENUM_CONVERSION = YES;
				CLANG_WARN_INFINITE_RECURSION = YES;
				CLANG_WARN_INT_CONVERSION = YES;
				CLANG_WARN_NON_LITERAL_NULL_CONVERSION = YES;
				CLANG_WARN_OBJC_IMPLICIT_RETAIN_SELF = YES;
				CLANG_WARN_OBJC_LITERAL_CONVERSION = YES;
				CLANG_WARN_OBJC_ROOT_CLASS = YES_ERROR;
				CLANG_WARN_RANGE_LOOP_ANALYSIS = YES;
				CLANG_WARN_STRICT_PROTOTYPES = YES;
				CLANG_WARN_SUSPICIOUS_MOVE = YES;
				CLANG_WARN_UNGUARDED_AVAILABILITY = YES_AGGRESSIVE;
				CLANG_WARN_UNREACHABLE_CODE = YES;
				CLANG_WARN__DUPLICATE_METHOD_MATCH = YES;
				CODE_SIGN_IDENTITY = "iPhone Developer";
				COPY_PHASE_STRIP = NO;
				DEBUG_INFORMATION_FORMAT = "dwarf-with-dsym";
				ENABLE_NS_ASSERTIONS = NO;
				ENABLE_STRICT_OBJC_MSGSEND = YES;
				GCC_C_LANGUAGE_STANDARD = gnu11;
				GCC_NO_COMMON_BLOCKS = YES;
				GCC_WARN_64_TO_32_BIT_CONVERSION = YES;
				GCC_WARN_ABOUT_RETURN_TYPE = YES_ERROR;
				GCC_WARN_UNDECLARED_SELECTOR = YES;
				GCC_WARN_UNINITIALIZED_AUTOS = YES_AGGRESSIVE;
				GCC_WARN_UNUSED_FUNCTION = YES;
				GCC_WARN_UNUSED_VARIABLE = YES;
				IPHONEOS_DEPLOYMENT_TARGET = 11.3;
				MTL_ENABLE_DEBUG_INFO = NO;
				SDKROOT = iphoneos;
				SWIFT_COMPILATION_MODE = wholemodule;
				SWIFT_OPTIMIZATION_LEVEL = "-O";
				VALIDATE_PRODUCT = YES;
			};
			name = Release;
		};
		9BA6C0B821275DF8008A63F4 /* Debug */ = {
			isa = XCBuildConfiguration;
			buildSettings = {
				ASSETCATALOG_COMPILER_APPICON_NAME = AppIcon;
				CODE_SIGN_STYLE = Automatic;
				INFOPLIST_FILE = Payroll/Info.plist;
				LD_RUNPATH_SEARCH_PATHS = (
					"$(inherited)",
					"@executable_path/Frameworks",
				);
				PRODUCT_BUNDLE_IDENTIFIER = CestarCollege.Payroll;
				PRODUCT_NAME = "$(TARGET_NAME)";
				SWIFT_VERSION = 4.0;
				TARGETED_DEVICE_FAMILY = "1,2";
			};
			name = Debug;
		};
		9BA6C0B921275DF8008A63F4 /* Release */ = {
			isa = XCBuildConfiguration;
			buildSettings = {
				ASSETCATALOG_COMPILER_APPICON_NAME = AppIcon;
				CODE_SIGN_STYLE = Automatic;
				INFOPLIST_FILE = Payroll/Info.plist;
				LD_RUNPATH_SEARCH_PATHS = (
					"$(inherited)",
					"@executable_path/Frameworks",
				);
				PRODUCT_BUNDLE_IDENTIFIER = CestarCollege.Payroll;
				PRODUCT_NAME = "$(TARGET_NAME)";
				SWIFT_VERSION = 4.0;
				TARGETED_DEVICE_FAMILY = "1,2";
			};
			name = Release;
		};
/* End XCBuildConfiguration section */

/* Begin XCConfigurationList section */
		9BA6C0A021275DF6008A63F4 /* Build configuration list for PBXProject "Payroll" */ = {
			isa = XCConfigurationList;
			buildConfigurations = (
				9BA6C0B521275DF8008A63F4 /* Debug */,
				9BA6C0B621275DF8008A63F4 /* Release */,
			);
			defaultConfigurationIsVisible = 0;
			defaultConfigurationName = Release;
		};
		9BA6C0B721275DF8008A63F4 /* Build configuration list for PBXNativeTarget "Payroll" */ = {
			isa = XCConfigurationList;
			buildConfigurations = (
				9BA6C0B821275DF8008A63F4 /* Debug */,
				9BA6C0B921275DF8008A63F4 /* Release */,
			);
			defaultConfigurationIsVisible = 0;
			defaultConfigurationName = Release;
		};
/* End XCConfigurationList section */
	};
	rootObject = 9BA6C09D21275DF6008A63F4 /* Project object */;
}
